
Microsoft Visual Studio Solution File, Format Version 12.00
# Visual Studio Version 17
VisualStudioVersion = 17.0.31903.59
MinimumVisualStudioVersion = 10.0.40219.1
Project("{FAE04EC0-301F-11D3-BF4B-00C04F79EFBC}") = "Proyecto 1", "Proyecto 1\Proyecto 1.csproj", "{75B737E2-3150-4B53-A49E-1AC41774BC4B}"
EndProject
Global
	GlobalSection(SolutionConfigurationPlatforms) = preSolution
		Debug|Any CPU = Debug|Any CPU
		Release|Any CPU = Release|Any CPU
	EndGlobalSection
	GlobalSection(ProjectConfigurationPlatforms) = postSolution
		{75B737E2-3150-4B53-A49E-1AC41774BC4B}.Debug|Any CPU.ActiveCfg = Debug|Any CPU
		{75B737E2-3150-4B53-A49E-1AC41774BC4B}.Debug|Any CPU.Build.0 = Debug|Any CPU
		{75B737E2-3150-4B53-A49E-1AC41774BC4B}.Release|Any CPU.ActiveCfg = Release|Any CPU
		{75B737E2-3150-4B53-A49E-1AC41774BC4B}.Release|Any CPU.Build.0 = Release|Any CPU
	EndGlobalSection
	GlobalSection(SolutionProperties) = preSolution
		HideSolutionNode = FALSE
	EndGlobalSection
	GlobalSection(ExtensibilityGlobals) = postSolution
		SolutionGuid = {171146FE-F0E6-4AE9-9F2D-907D27A4992A}
	EndGlobalSection
EndGlobal
